
Microsoft Visual Studio Solution File, Format Version 12.00
# Visual Studio Version 17
VisualStudioVersion = 17.0.32112.339
MinimumVisualStudioVersion = 10.0.40219.1
Project("{FAE04EC0-301F-11D3-BF4B-00C04F79EFBC}") = "AdlezRestaurant.Core", "AdlezRestaurant.Core\AdlezRestaurant.Core.csproj", "{4BED2831-A933-4AC5-BA54-F65A26EE4F77}"
EndProject
Project("{FAE04EC0-301F-11D3-BF4B-00C04F79EFBC}") = "AdlezRestaurant.DataAccessLayer", "AdlezRestaurant.DataAccessLayer\AdlezRestaurant.DataAccessLayer.csproj", "{A46B0BDC-BED2-42DC-AC60-7C481B25585F}"
EndProject
Project("{FAE04EC0-301F-11D3-BF4B-00C04F79EFBC}") = "AdlezRestaurant.Web", "AdlezRestaurant.Web\AdlezRestaurant.Web.csproj", "{563A94AF-F549-45F4-BE75-1A9703D80A7F}"
EndProject
Global
	GlobalSection(SolutionConfigurationPlatforms) = preSolution
		Debug|Any CPU = Debug|Any CPU
		Release|Any CPU = Release|Any CPU
	EndGlobalSection
	GlobalSection(ProjectConfigurationPlatforms) = postSolution
		{4BED2831-A933-4AC5-BA54-F65A26EE4F77}.Debug|Any CPU.ActiveCfg = Debug|Any CPU
		{4BED2831-A933-4AC5-BA54-F65A26EE4F77}.Debug|Any CPU.Build.0 = Debug|Any CPU
		{4BED2831-A933-4AC5-BA54-F65A26EE4F77}.Release|Any CPU.ActiveCfg = Release|Any CPU
		{4BED2831-A933-4AC5-BA54-F65A26EE4F77}.Release|Any CPU.Build.0 = Release|Any CPU
		{A46B0BDC-BED2-42DC-AC60-7C481B25585F}.Debug|Any CPU.ActiveCfg = Debug|Any CPU
		{A46B0BDC-BED2-42DC-AC60-7C481B25585F}.Debug|Any CPU.Build.0 = Debug|Any CPU
		{A46B0BDC-BED2-42DC-AC60-7C481B25585F}.Release|Any CPU.ActiveCfg = Release|Any CPU
		{A46B0BDC-BED2-42DC-AC60-7C481B25585F}.Release|Any CPU.Build.0 = Release|Any CPU
		{563A94AF-F549-45F4-BE75-1A9703D80A7F}.Debug|Any CPU.ActiveCfg = Debug|Any CPU
		{563A94AF-F549-45F4-BE75-1A9703D80A7F}.Debug|Any CPU.Build.0 = Debug|Any CPU
		{563A94AF-F549-45F4-BE75-1A9703D80A7F}.Release|Any CPU.ActiveCfg = Release|Any CPU
		{563A94AF-F549-45F4-BE75-1A9703D80A7F}.Release|Any CPU.Build.0 = Release|Any CPU
	EndGlobalSection
	GlobalSection(SolutionProperties) = preSolution
		HideSolutionNode = FALSE
	EndGlobalSection
	GlobalSection(ExtensibilityGlobals) = postSolution
		SolutionGuid = {D33E90DE-8FB7-45F4-BE29-6054EA81190B}
	EndGlobalSection
EndGlobal
